{
  "name": "coinmarketcap_info",
  "version": "0.0.1",
  "lockfileVersion": 1,
  "requires": true,
  "dependencies": {
    "lib-metered-api-regulation": {
      "version": "0.0.2",
      "resolved": "https://registry.npmjs.org/lib-metered-api-regulation/-/lib-metered-api-regulation-0.0.2.tgz",
      "integrity": "sha1-Kp65BYHXLAACrOeOJ2vpTBlwHMg="
    }
  }
}
